
Microsoft Visual Studio Solution File, Format Version 12.00
# Visual Studio 15
VisualStudioVersion = 15.0.28307.329
MinimumVisualStudioVersion = 10.0.40219.1
Project("{FAE04EC0-301F-11D3-BF4B-00C04F79EFBC}") = "SktProject", "SktProject\SktProject.csproj", "{839FB993-9FDA-4512-BE3E-9FB98C5D962D}"
EndProject
Global
	GlobalSection(SolutionConfigurationPlatforms) = preSolution
		Debug|Any CPU = Debug|Any CPU
		Release|Any CPU = Release|Any CPU
	EndGlobalSection
	GlobalSection(ProjectConfigurationPlatforms) = postSolution
		{839FB993-9FDA-4512-BE3E-9FB98C5D962D}.Debug|Any CPU.ActiveCfg = Debug|Any CPU
		{839FB993-9FDA-4512-BE3E-9FB98C5D962D}.Debug|Any CPU.Build.0 = Debug|Any CPU
		{839FB993-9FDA-4512-BE3E-9FB98C5D962D}.Release|Any CPU.ActiveCfg = Release|Any CPU
		{839FB993-9FDA-4512-BE3E-9FB98C5D962D}.Release|Any CPU.Build.0 = Release|Any CPU
	EndGlobalSection
	GlobalSection(SolutionProperties) = preSolution
		HideSolutionNode = FALSE
	EndGlobalSection
	GlobalSection(ExtensibilityGlobals) = postSolution
		SolutionGuid = {7068C48D-6E27-4B49-A12D-DFEF17EC64A8}
	EndGlobalSection
EndGlobal
